
Microsoft Visual Studio Solution File, Format Version 12.00
# Visual Studio Version 17
VisualStudioVersion = 17.0.31903.59
MinimumVisualStudioVersion = 10.0.40219.1
Project("{9A19103F-16F7-4668-BE54-9A1E7A4F7556}") = "App", "App\App.csproj", "{97AEA523-2D72-48C6-92B7-174437C2BA17}"
EndProject
Project("{FAE04EC0-301F-11D3-BF4B-00C04F79EFBC}") = "Tests", "Tests\Tests.csproj", "{C8AF9ED4-E4BB-4FF3-9805-B070A8C871EC}"
EndProject
Global
	GlobalSection(SolutionConfigurationPlatforms) = preSolution
		Debug|Any CPU = Debug|Any CPU
		Release|Any CPU = Release|Any CPU
	EndGlobalSection
	GlobalSection(ProjectConfigurationPlatforms) = postSolution
		{97AEA523-2D72-48C6-92B7-174437C2BA17}.Debug|Any CPU.ActiveCfg = Debug|Any CPU
		{97AEA523-2D72-48C6-92B7-174437C2BA17}.Debug|Any CPU.Build.0 = Debug|Any CPU
		{97AEA523-2D72-48C6-92B7-174437C2BA17}.Release|Any CPU.ActiveCfg = Release|Any CPU
		{97AEA523-2D72-48C6-92B7-174437C2BA17}.Release|Any CPU.Build.0 = Release|Any CPU
		{C8AF9ED4-E4BB-4FF3-9805-B070A8C871EC}.Debug|Any CPU.ActiveCfg = Debug|Any CPU
		{C8AF9ED4-E4BB-4FF3-9805-B070A8C871EC}.Debug|Any CPU.Build.0 = Debug|Any CPU
		{C8AF9ED4-E4BB-4FF3-9805-B070A8C871EC}.Release|Any CPU.ActiveCfg = Release|Any CPU
		{C8AF9ED4-E4BB-4FF3-9805-B070A8C871EC}.Release|Any CPU.Build.0 = Release|Any CPU
	EndGlobalSection
	GlobalSection(SolutionProperties) = preSolution
		HideSolutionNode = FALSE
	EndGlobalSection
	GlobalSection(ExtensibilityGlobals) = postSolution
		SolutionGuid = {D7FA0F27-14DD-455A-B342-DD67033C9B90}
	EndGlobalSection
EndGlobal
